
Microsoft Visual Studio Solution File, Format Version 12.00
# Visual Studio Version 17
VisualStudioVersion = 17.5.001.0
MinimumVisualStudioVersion = 10.0.40219.1
Project("{9A19103F-16F7-4668-BE54-9A1E7A4F7556}") = "IRPF.Console", "IRPF.Console.csproj", "{C28E4EB2-EEDA-4BF5-B5BE-B691D8DFBE26}"
EndProject
Project("{FAE04EC0-301F-11D3-BF4B-00C04F79EFBC}") = "IRPF.Tests", "..\IRPF.Tests\IRPF.Tests.csproj", "{EDF564E5-70B6-4011-AD93-8ECF4B0BB743}"
EndProject
Global
	GlobalSection(SolutionConfigurationPlatforms) = preSolution
		Debug|Any CPU = Debug|Any CPU
		Release|Any CPU = Release|Any CPU
	EndGlobalSection
	GlobalSection(ProjectConfigurationPlatforms) = postSolution
		{C28E4EB2-EEDA-4BF5-B5BE-B691D8DFBE26}.Debug|Any CPU.ActiveCfg = Debug|Any CPU
		{C28E4EB2-EEDA-4BF5-B5BE-B691D8DFBE26}.Debug|Any CPU.Build.0 = Debug|Any CPU
		{C28E4EB2-EEDA-4BF5-B5BE-B691D8DFBE26}.Release|Any CPU.ActiveCfg = Release|Any CPU
		{C28E4EB2-EEDA-4BF5-B5BE-B691D8DFBE26}.Release|Any CPU.Build.0 = Release|Any CPU
		{EDF564E5-70B6-4011-AD93-8ECF4B0BB743}.Debug|Any CPU.ActiveCfg = Debug|Any CPU
		{EDF564E5-70B6-4011-AD93-8ECF4B0BB743}.Debug|Any CPU.Build.0 = Debug|Any CPU
		{EDF564E5-70B6-4011-AD93-8ECF4B0BB743}.Release|Any CPU.ActiveCfg = Release|Any CPU
		{EDF564E5-70B6-4011-AD93-8ECF4B0BB743}.Release|Any CPU.Build.0 = Release|Any CPU
	EndGlobalSection
	GlobalSection(SolutionProperties) = preSolution
		HideSolutionNode = FALSE
	EndGlobalSection
	GlobalSection(ExtensibilityGlobals) = postSolution
		SolutionGuid = {3518BC1C-49EF-487A-BDEC-D886716D7D96}
	EndGlobalSection
EndGlobal
